{
  "nodes": {
    "nixpkgs": {
      "locked": {
        "lastModified": 1790185690,
        "narHash": "sha256-EZwz6sR6RLzbKiJJ9QQgXPZ/zA6P8ecfFr/6fwBRfes=",
        "rev": "4975466d324710c576dc11ad614684e6bd8cad8e",
        "type": "tarball",
        "url": "https://releases.nixos.org/nixos/unstable/nixos-26.11pre1078696.4975466d3247/nixexprs.tar.xz"
      },
      "original": {
        "type": "tarball",
        "url": "https://channels.nixos.org/nixos-unstable/nixexprs.tar.xz"
      }
    },
    "root": {
      "inputs": {
        "nixpkgs": "nixpkgs",
        "zon2nix": "zon2nix"
      }
    },
    "zon2nix": {
      "inputs": {
        "nixpkgs": [
          "nixpkgs"
        ]
      },
      "locked": {
        "lastModified": 1789872114,
        "narHash": "sha256-yvn1xRRAR2IHuKqejmngftjBm/x/h/RspOg0ol4B5dw=",
        "ref": "refs/heads/main",
        "rev": "723bddc9c51c5873965a17f922e4139d587764c1",
        "revCount": 529,
        "type": "git",
        "url": "https://codeberg.org/jcollie/zon2nix.git"
      },
      "original": {
        "type": "git",
        "url": "https://codeberg.org/jcollie/zon2nix.git"
      }
    }
  },
  "root": "root",
  "version": 7
}
