{
  "nodes": {
    "nixpkgs": {
      "locked": {
        "lastModified": 1789546076,
        "narHash": "sha256-vWkSk5bbfTqdtMoSgD9FshACO8JCvXTFi+3cqEp0mH0=",
        "rev": "b1b875982b17dabde9b4a37f3e229e74913e6db3",
        "type": "tarball",
        "url": "https://releases.nixos.org/nixos/unstable/nixos-26.11pre1074753.b1b875982b17/nixexprs.tar.xz"
      },
      "original": {
        "type": "tarball",
        "url": "https://channels.nixos.org/nixos-unstable/nixexprs.tar.xz"
      }
    },
    "root": {
      "inputs": {
        "nixpkgs": "nixpkgs",
        "zon2nix": "zon2nix"
      }
    },
    "zon2nix": {
      "inputs": {
        "nixpkgs": [
          "nixpkgs"
        ]
      },
      "locked": {
        "lastModified": 1788977680,
        "narHash": "sha256-3vgICcen5N2oAlQrijqJhxn8HEsnXASGPxQLJVYzX0Q=",
        "ref": "refs/heads/main",
        "rev": "7b9c43312de08e176097b8c8920f0dd1a46982be",
        "revCount": 524,
        "type": "git",
        "url": "https://codeberg.org/jcollie/zon2nix.git"
      },
      "original": {
        "type": "git",
        "url": "https://codeberg.org/jcollie/zon2nix.git"
      }
    }
  },
  "root": "root",
  "version": 7
}
